
Microsoft Visual Studio Solution File, Format Version 12.00
# Visual Studio Version 16
VisualStudioVersion = 16.0.29709.97
MinimumVisualStudioVersion = 10.0.40219.1
Project("{FAE04EC0-301F-11D3-BF4B-00C04F79EFBC}") = "RemoveP12Password", "RemoveP12Password.csproj", "{3217D36B-4AE8-463A-9FA6-7DE66F6049CA}"
EndProject
Global
	GlobalSection(SolutionConfigurationPlatforms) = preSolution
		Debug|Any CPU = Debug|Any CPU
		Release|Any CPU = Release|Any CPU
	EndGlobalSection
	GlobalSection(ProjectConfigurationPlatforms) = postSolution
		{3217D36B-4AE8-463A-9FA6-7DE66F6049CA}.Debug|Any CPU.ActiveCfg = Debug|Any CPU
		{3217D36B-4AE8-463A-9FA6-7DE66F6049CA}.Debug|Any CPU.Build.0 = Debug|Any CPU
		{3217D36B-4AE8-463A-9FA6-7DE66F6049CA}.Release|Any CPU.ActiveCfg = Release|Any CPU
		{3217D36B-4AE8-463A-9FA6-7DE66F6049CA}.Release|Any CPU.Build.0 = Release|Any CPU
	EndGlobalSection
	GlobalSection(SolutionProperties) = preSolution
		HideSolutionNode = FALSE
	EndGlobalSection
	GlobalSection(ExtensibilityGlobals) = postSolution
		SolutionGuid = {5447A375-D618-41E8-9472-4FE076061F88}
	EndGlobalSection
EndGlobal
